{
  "name": "wxml-minifier",
  "version": "1.0.0",
  "lockfileVersion": 1,
  "requires": true,
  "dependencies": {
    "@leejim/wxml-parser": {
      "version": "0.1.1",
      "resolved": "https://registry.npmjs.org/@leejim/wxml-parser/-/wxml-parser-0.1.1.tgz",
      "integrity": "sha512-sL8ZGo9xtiUF5ij4ABxIdHeGPHJNZJm8t8IXMj+DO20/e9dq3prLvIAMHEN7rOmxBs/eM4g6Kjv0niE6lcddsQ=="
    }
  }
}
